
Microsoft Visual Studio Solution File, Format Version 12.00
# Visual Studio 15
VisualStudioVersion = 15.0.28307.1705
MinimumVisualStudioVersion = 10.0.40219.1
Project("{FAE04EC0-301F-11D3-BF4B-00C04F79EFBC}") = "VirtualRealty", "VirtualRealty\VirtualRealty.csproj", "{C2FA8C53-4D78-4345-9529-049043513425}"
EndProject
Global
	GlobalSection(SolutionConfigurationPlatforms) = preSolution
		Debug|Any CPU = Debug|Any CPU
		Release|Any CPU = Release|Any CPU
	EndGlobalSection
	GlobalSection(ProjectConfigurationPlatforms) = postSolution
		{C2FA8C53-4D78-4345-9529-049043513425}.Debug|Any CPU.ActiveCfg = Debug|Any CPU
		{C2FA8C53-4D78-4345-9529-049043513425}.Debug|Any CPU.Build.0 = Debug|Any CPU
		{C2FA8C53-4D78-4345-9529-049043513425}.Release|Any CPU.ActiveCfg = Release|Any CPU
		{C2FA8C53-4D78-4345-9529-049043513425}.Release|Any CPU.Build.0 = Release|Any CPU
	EndGlobalSection
	GlobalSection(SolutionProperties) = preSolution
		HideSolutionNode = FALSE
	EndGlobalSection
	GlobalSection(ExtensibilityGlobals) = postSolution
		SolutionGuid = {F221E331-A58A-4B57-A8AA-94D3FA7BDEEE}
	EndGlobalSection
EndGlobal
